{
  "requires": true,
  "lockfileVersion": 1,
  "dependencies": {
    "jquery": {
      "version": "3.3.1",
      "resolved": "https://registry.npmjs.org/jquery/-/jquery-3.3.1.tgz",
      "integrity": "sha512-Ubldcmxp5np52/ENotGxlLe6aGMvmF4R8S6tZjsP6Knsaxd/xp3Zrh50cG93lR6nPXyUFwzN3ZSOQI0wRJNdGg=="
    },
    "jquery-eu-cookie-law-popup": {
      "version": "1.1.2",
      "resolved": "https://registry.npmjs.org/jquery-eu-cookie-law-popup/-/jquery-eu-cookie-law-popup-1.1.2.tgz",
      "integrity": "sha512-Xw5SwAXueJWWqUO3oe8PNa8gpsIvxObkDftXPCRkeXRvNDF+P8n6p9y2XIOZdpFVt9zsri8fO1d51iThZs4bHg==",
      "requires": {
        "jquery": "3.3.1"
      }
    }
  }
}
